// !$*UTF8*$!
{
	archiveVersion = 1;
	classes = {
	};
	objectVersion = 46;
	objects = {

/* Begin PBXBuildFile section */
		23A0D5B7CD154E7331301993 /* Pods_MusicTouchpad.framework in Frameworks */ = {isa = PBXBuildFile; fileRef = A4659FD554525E7E8CA29A4A /* Pods_MusicTouchpad.framework */; };
		41B6438E772FF8B58B7BAF7A /* Pods_MusicTouchpadUITests.framework in Frameworks */ = {isa = PBXBuildFile; fileRef = E79593C500D7C32773BA0579 /* Pods_MusicTouchpadUITests.framework */; };
		9FFDABA67BC79AC84FEB32E8 /* Pods_MusicTouchpadTests.framework in Frameworks */ = {isa = PBXBuildFile; fileRef = 9A74C3EEB7C41A18B292BB10 /* Pods_MusicTouchpadTests.framework */; };
		B8F14AC41E64158700B063C8 /* AppDelegate.swift in Sources */ = {isa = PBXBuildFile; fileRef = B8F14AC31E64158700B063C8 /* AppDelegate.swift */; };
		B8F14AC61E64158700B063C8 /* ViewController.swift in Sources */ = {isa = PBXBuildFile; fileRef = B8F14AC51E64158700B063C8 /* ViewController.swift */; };
		B8F14AC91E64158700B063C8 /* Main.storyboard in Resources */ = {isa = PBXBuildFile; fileRef = B8F14AC71E64158700B063C8 /* Main.storyboard */; };
		B8F14ACB1E64158700B063C8 /* Assets.xcassets in Resources */ = {isa = PBXBuildFile; fileRef = B8F14ACA1E64158700B063C8 /* Assets.xcassets */; };
		B8F14ACE1E64158700B063C8 /* LaunchScreen.storyboard in Resources */ = {isa = PBXBuildFile; fileRef = B8F14ACC1E64158700B063C8 /* LaunchScreen.storyboard */; };
		B8F14AD91E64158700B063C8 /* MusicTouchpadTests.swift in Sources */ = {isa = PBXBuildFile; fileRef = B8F14AD81E64158700B063C8 /* MusicTouchpadTests.swift */; };
		B8F14AE41E64158700B063C8 /* MusicTouchpadUITests.swift in Sources */ = {isa = PBXBuildFile; fileRef = B8F14AE31E64158700B063C8 /* MusicTouchpadUITests.swift */; };
		B8F14AF41E64188A00B063C8 /* MusicTouchView.swift in Sources */ = {isa = PBXBuildFile; fileRef = B8F14AF11E64188A00B063C8 /* MusicTouchView.swift */; };
		B8F14AF51E64188A00B063C8 /* NoteFrequencyConverter.swift in Sources */ = {isa = PBXBuildFile; fileRef = B8F14AF21E64188A00B063C8 /* NoteFrequencyConverter.swift */; };
		B8F14AF61E64188A00B063C8 /* DefaultSoundSource.swift in Sources */ = {isa = PBXBuildFile; fileRef = B8F14AF31E64188A00B063C8 /* DefaultSoundSource.swift */; };
/* End PBXBuildFile section */

/* Begin PBXContainerItemProxy section */
		B8F14AD51E64158700B063C8 /* PBXContainerItemProxy */ = {
			isa = PBXContainerItemProxy;
			containerPortal = B8F14AB81E64158700B063C8 /* Project object */;
			proxyType = 1;
			remoteGlobalIDString = B8F14ABF1E64158700B063C8;
			remoteInfo = MusicTouchpad;
		};
		B8F14AE01E64158700B063C8 /* PBXContainerItemProxy */ = {
			isa = PBXContainerItemProxy;
			containerPortal = B8F14AB81E64158700B063C8 /* Project object */;
			proxyType = 1;
			remoteGlobalIDString = B8F14ABF1E64158700B063C8;
			remoteInfo = MusicTouchpad;
		};
/* End PBXContainerItemProxy section */

/* Begin PBXFileReference section */
		6D2467712E377120E69E954C /* Pods-MusicTouchpadUITests.debug.xcconfig */ = {isa = PBXFileReference; includeInIndex = 1; lastKnownFileType = text.xcconfig; name = "Pods-MusicTouchpadUITests.debug.xcconfig"; path = "Pods/Target Support Files/Pods-MusicTouchpadUITests/Pods-MusicTouchpadUITests.debug.xcconfig"; sourceTree = "<group>"; };
		9A74C3EEB7C41A18B292BB10 /* Pods_MusicTouchpadTests.framework */ = {isa = PBXFileReference; explicitFileType = wrapper.framework; includeInIndex = 0; path = Pods_MusicTouchpadTests.framework; sourceTree = BUILT_PRODUCTS_DIR; };
		A4659FD554525E7E8CA29A4A /* Pods_MusicTouchpad.framework */ = {isa = PBXFileReference; explicitFileType = wrapper.framework; includeInIndex = 0; path = Pods_MusicTouchpad.framework; sourceTree = BUILT_PRODUCTS_DIR; };
		B8F14AC01E64158700B063C8 /* MusicTouchpad.app */ = {isa = PBXFileReference; explicitFileType = wrapper.application; includeInIndex = 0; path = MusicTouchpad.app; sourceTree = BUILT_PRODUCTS_DIR; };
		B8F14AC31E64158700B063C8 /* AppDelegate.swift */ = {isa = PBXFileReference; lastKnownFileType = sourcecode.swift; path = AppDelegate.swift; sourceTree = "<group>"; };
		B8F14AC51E64158700B063C8 /* ViewController.swift */ = {isa = PBXFileReference; lastKnownFileType = sourcecode.swift; path = ViewController.swift; sourceTree = "<group>"; };
		B8F14AC81E64158700B063C8 /* Base */ = {isa = PBXFileReference; lastKnownFileType = file.storyboard; name = Base; path = Base.lproj/Main.storyboard; sourceTree = "<group>"; };
		B8F14ACA1E64158700B063C8 /* Assets.xcassets */ = {isa = PBXFileReference; lastKnownFileType = folder.assetcatalog; path = Assets.xcassets; sourceTree = "<group>"; };
		B8F14ACD1E64158700B063C8 /* Base */ = {isa = PBXFileReference; lastKnownFileType = file.storyboard; name = Base; path = Base.lproj/LaunchScreen.storyboard; sourceTree = "<group>"; };
		B8F14ACF1E64158700B063C8 /* Info.plist */ = {isa = PBXFileReference; lastKnownFileType = text.plist.xml; path = Info.plist; sourceTree = "<group>"; };
		B8F14AD41E64158700B063C8 /* MusicTouchpadTests.xctest */ = {isa = PBXFileReference; explicitFileType = wrapper.cfbundle; includeInIndex = 0; path = MusicTouchpadTests.xctest; sourceTree = BUILT_PRODUCTS_DIR; };
		B8F14AD81E64158700B063C8 /* MusicTouchpadTests.swift */ = {isa = PBXFileReference; lastKnownFileType = sourcecode.swift; path = MusicTouchpadTests.swift; sourceTree = "<group>"; };
		B8F14ADA1E64158700B063C8 /* Info.plist */ = {isa = PBXFileReference; lastKnownFileType = text.plist.xml; path = Info.plist; sourceTree = "<group>"; };
		B8F14ADF1E64158700B063C8 /* MusicTouchpadUITests.xctest */ = {isa = PBXFileReference; explicitFileType = wrapper.cfbundle; includeInIndex = 0; path = MusicTouchpadUITests.xctest; sourceTree = BUILT_PRODUCTS_DIR; };
		B8F14AE31E64158700B063C8 /* MusicTouchpadUITests.swift */ = {isa = PBXFileReference; lastKnownFileType = sourcecode.swift; path = MusicTouchpadUITests.swift; sourceTree = "<group>"; };
		B8F14AE51E64158700B063C8 /* Info.plist */ = {isa = PBXFileReference; lastKnownFileType = text.plist.xml; path = Info.plist; sourceTree = "<group>"; };
		B8F14AF11E64188A00B063C8 /* MusicTouchView.swift */ = {isa = PBXFileReference; fileEncoding = 4; lastKnownFileType = sourcecode.swift; path = MusicTouchView.swift; sourceTree = "<group>"; };
		B8F14AF21E64188A00B063C8 /* NoteFrequencyConverter.swift */ = {isa = PBXFileReference; fileEncoding = 4; lastKnownFileType = sourcecode.swift; path = NoteFrequencyConverter.swift; sourceTree = "<group>"; };
		B8F14AF31E64188A00B063C8 /* DefaultSoundSource.swift */ = {isa = PBXFileReference; fileEncoding = 4; lastKnownFileType = sourcecode.swift; path = DefaultSoundSource.swift; sourceTree = "<group>"; };
		CD4DA02A3039950563036153 /* Pods-MusicTouchpadTests.debug.xcconfig */ = {isa = PBXFileReference; includeInIndex = 1; lastKnownFileType = text.xcconfig; name = "Pods-MusicTouchpadTests.debug.xcconfig"; path = "Pods/Target Support Files/Pods-MusicTouchpadTests/Pods-MusicTouchpadTests.debug.xcconfig"; sourceTree = "<group>"; };
		D648F61500A0BCFCE8A99485 /* Pods-MusicTouchpadUITests.release.xcconfig */ = {isa = PBXFileReference; includeInIndex = 1; lastKnownFileType = text.xcconfig; name = "Pods-MusicTouchpadUITests.release.xcconfig"; path = "Pods/Target Support Files/Pods-MusicTouchpadUITests/Pods-MusicTouchpadUITests.release.xcconfig"; sourceTree = "<group>"; };
		E21EE7F55007B38E680BBCA2 /* Pods-MusicTouchpad.release.xcconfig */ = {isa = PBXFileReference; includeInIndex = 1; lastKnownFileType = text.xcconfig; name = "Pods-MusicTouchpad.release.xcconfig"; path = "Pods/Target Support Files/Pods-MusicTouchpad/Pods-MusicTouchpad.release.xcconfig"; sourceTree = "<group>"; };
		E71F7A6E70DCA4CB1D2C53FA /* Pods-MusicTouchpad.debug.xcconfig */ = {isa = PBXFileReference; includeInIndex = 1; lastKnownFileType = text.xcconfig; name = "Pods-MusicTouchpad.debug.xcconfig"; path = "Pods/Target Support Files/Pods-MusicTouchpad/Pods-MusicTouchpad.debug.xcconfig"; sourceTree = "<group>"; };
		E79593C500D7C32773BA0579 /* Pods_MusicTouchpadUITests.framework */ = {isa = PBXFileReference; explicitFileType = wrapper.framework; includeInIndex = 0; path = Pods_MusicTouchpadUITests.framework; sourceTree = BUILT_PRODUCTS_DIR; };
		FBBFC27C357B411E89134DE1 /* Pods-MusicTouchpadTests.release.xcconfig */ = {isa = PBXFileReference; includeInIndex = 1; lastKnownFileType = text.xcconfig; name = "Pods-MusicTouchpadTests.release.xcconfig"; path = "Pods/Target Support Files/Pods-MusicTouchpadTests/Pods-MusicTouchpadTests.release.xcconfig"; sourceTree = "<group>"; };
/* End PBXFileReference section */

/* Begin PBXFrameworksBuildPhase section */
		B8F14ABD1E64158700B063C8 /* Frameworks */ = {
			isa = PBXFrameworksBuildPhase;
			buildActionMask = 2147483647;
			files = (
				23A0D5B7CD154E7331301993 /* Pods_MusicTouchpad.framework in Frameworks */,
			);
			runOnlyForDeploymentPostprocessing = 0;
		};
		B8F14AD11E64158700B063C8 /* Frameworks */ = {
			isa = PBXFrameworksBuildPhase;
			buildActionMask = 2147483647;
			files = (
				9FFDABA67BC79AC84FEB32E8 /* Pods_MusicTouchpadTests.framework in Frameworks */,
			);
			runOnlyForDeploymentPostprocessing = 0;
		};
		B8F14ADC1E64158700B063C8 /* Frameworks */ = {
			isa = PBXFrameworksBuildPhase;
			buildActionMask = 2147483647;
			files = (
				41B6438E772FF8B58B7BAF7A /* Pods_MusicTouchpadUITests.framework in Frameworks */,
			);
			runOnlyForDeploymentPostprocessing = 0;
		};
/* End PBXFrameworksBuildPhase section */

/* Begin PBXGroup section */
		082822B0E7A6B6749885292D /* Pods */ = {
			isa = PBXGroup;
			children = (
				E71F7A6E70DCA4CB1D2C53FA /* Pods-MusicTouchpad.debug.xcconfig */,
				E21EE7F55007B38E680BBCA2 /* Pods-MusicTouchpad.release.xcconfig */,
				CD4DA02A3039950563036153 /* Pods-MusicTouchpadTests.debug.xcconfig */,
				FBBFC27C357B411E89134DE1 /* Pods-MusicTouchpadTests.release.xcconfig */,
				6D2467712E377120E69E954C /* Pods-MusicTouchpadUITests.debug.xcconfig */,
				D648F61500A0BCFCE8A99485 /* Pods-MusicTouchpadUITests.release.xcconfig */,
			);
			name = Pods;
			sourceTree = "<group>";
		};
		B8F14AB71E64158700B063C8 = {
			isa = PBXGroup;
			children = (
				B8F14AC21E64158700B063C8 /* MusicTouchpad */,
				B8F14AD71E64158700B063C8 /* MusicTouchpadTests */,
				B8F14AE21E64158700B063C8 /* MusicTouchpadUITests */,
				B8F14AC11E64158700B063C8 /* Products */,
				082822B0E7A6B6749885292D /* Pods */,
				EDCA51ECD531143240AAA638 /* Frameworks */,
			);
			sourceTree = "<group>";
		};
		B8F14AC11E64158700B063C8 /* Products */ = {
			isa = PBXGroup;
			children = (
				B8F14AC01E64158700B063C8 /* MusicTouchpad.app */,
				B8F14AD41E64158700B063C8 /* MusicTouchpadTests.xctest */,
				B8F14ADF1E64158700B063C8 /* MusicTouchpadUITests.xctest */,
			);
			name = Products;
			sourceTree = "<group>";
		};
		B8F14AC21E64158700B063C8 /* MusicTouchpad */ = {
			isa = PBXGroup;
			children = (
				B8F14AF11E64188A00B063C8 /* MusicTouchView.swift */,
				B8F14AF21E64188A00B063C8 /* NoteFrequencyConverter.swift */,
				B8F14AF31E64188A00B063C8 /* DefaultSoundSource.swift */,
				B8F14AC31E64158700B063C8 /* AppDelegate.swift */,
				B8F14AC51E64158700B063C8 /* ViewController.swift */,
				B8F14AC71E64158700B063C8 /* Main.storyboard */,
				B8F14ACA1E64158700B063C8 /* Assets.xcassets */,
				B8F14ACC1E64158700B063C8 /* LaunchScreen.storyboard */,
				B8F14ACF1E64158700B063C8 /* Info.plist */,
			);
			path = MusicTouchpad;
			sourceTree = "<group>";
		};
		B8F14AD71E64158700B063C8 /* MusicTouchpadTests */ = {
			isa = PBXGroup;
			children = (
				B8F14AD81E64158700B063C8 /* MusicTouchpadTests.swift */,
				B8F14ADA1E64158700B063C8 /* Info.plist */,
			);
			path = MusicTouchpadTests;
			sourceTree = "<group>";
		};
		B8F14AE21E64158700B063C8 /* MusicTouchpadUITests */ = {
			isa = PBXGroup;
			children = (
				B8F14AE31E64158700B063C8 /* MusicTouchpadUITests.swift */,
				B8F14AE51E64158700B063C8 /* Info.plist */,
			);
			path = MusicTouchpadUITests;
			sourceTree = "<group>";
		};
		EDCA51ECD531143240AAA638 /* Frameworks */ = {
			isa = PBXGroup;
			children = (
				A4659FD554525E7E8CA29A4A /* Pods_MusicTouchpad.framework */,
				9A74C3EEB7C41A18B292BB10 /* Pods_MusicTouchpadTests.framework */,
				E79593C500D7C32773BA0579 /* Pods_MusicTouchpadUITests.framework */,
			);
			name = Frameworks;
			sourceTree = "<group>";
		};
/* End PBXGroup section */

/* Begin PBXNativeTarget section */
		B8F14ABF1E64158700B063C8 /* MusicTouchpad */ = {
			isa = PBXNativeTarget;
			buildConfigurationList = B8F14AE81E64158700B063C8 /* Build configuration list for PBXNativeTarget "MusicTouchpad" */;
			buildPhases = (
				3BDA980F94B1F92D04796A4F /* [CP] Check Pods Manifest.lock */,
				B8F14ABC1E64158700B063C8 /* Sources */,
				B8F14ABD1E64158700B063C8 /* Frameworks */,
				B8F14ABE1E64158700B063C8 /* Resources */,
				ECEE8C4E7F51716DC4DD6BAF /* [CP] Embed Pods Frameworks */,
				5D921513A3012518CC50DC53 /* [CP] Copy Pods Resources */,
				B8D3A6BA1EB5C1CF002782C3 /* ShellScript */,
			);
			buildRules = (
			);
			dependencies = (
			);
			name = MusicTouchpad;
			productName = MusicTouchpad;
			productReference = B8F14AC01E64158700B063C8 /* MusicTouchpad.app */;
			productType = "com.apple.product-type.application";
		};
		B8F14AD31E64158700B063C8 /* MusicTouchpadTests */ = {
			isa = PBXNativeTarget;
			buildConfigurationList = B8F14AEB1E64158700B063C8 /* Build configuration list for PBXNativeTarget "MusicTouchpadTests" */;
			buildPhases = (
				49E1B11112C2783211983FA3 /* [CP] Check Pods Manifest.lock */,
				B8F14AD01E64158700B063C8 /* Sources */,
				B8F14AD11E64158700B063C8 /* Frameworks */,
				B8F14AD21E64158700B063C8 /* Resources */,
				EC370BD4778C7A12FC0A4DCD /* [CP] Embed Pods Frameworks */,
				6895180682F9B07819673A61 /* [CP] Copy Pods Resources */,
			);
			buildRules = (
			);
			dependencies = (
				B8F14AD61E64158700B063C8 /* PBXTargetDependency */,
			);
			name = MusicTouchpadTests;
			productName = MusicTouchpadTests;
			productReference = B8F14AD41E64158700B063C8 /* MusicTouchpadTests.xctest */;
			productType = "com.apple.product-type.bundle.unit-test";
		};
		B8F14ADE1E64158700B063C8 /* MusicTouchpadUITests */ = {
			isa = PBXNativeTarget;
			buildConfigurationList = B8F14AEE1E64158700B063C8 /* Build configuration list for PBXNativeTarget "MusicTouchpadUITests" */;
			buildPhases = (
				5168A6016BFDB8685F29D45F /* [CP] Check Pods Manifest.lock */,
				B8F14ADB1E64158700B063C8 /* Sources */,
				B8F14ADC1E64158700B063C8 /* Frameworks */,
				B8F14ADD1E64158700B063C8 /* Resources */,
				04EC91F601534C540F003B6A /* [CP] Copy Pods Resources */,
			);
			buildRules = (
			);
			dependencies = (
				B8F14AE11E64158700B063C8 /* PBXTargetDependency */,
			);
			name = MusicTouchpadUITests;
			productName = MusicTouchpadUITests;
			productReference = B8F14ADF1E64158700B063C8 /* MusicTouchpadUITests.xctest */;
			productType = "com.apple.product-type.bundle.ui-testing";
		};
/* End PBXNativeTarget section */

/* Begin PBXProject section */
		B8F14AB81E64158700B063C8 /* Project object */ = {
			isa = PBXProject;
			attributes = {
				LastSwiftUpdateCheck = 0820;
				LastUpgradeCheck = 0820;
				ORGANIZATIONNAME = "Ethan Jud";
				TargetAttributes = {
					B8F14ABF1E64158700B063C8 = {
						CreatedOnToolsVersion = 8.2.1;
						DevelopmentTeam = PN23N78WA9;
						ProvisioningStyle = Automatic;
					};
					B8F14AD31E64158700B063C8 = {
						CreatedOnToolsVersion = 8.2.1;
						ProvisioningStyle = Automatic;
						TestTargetID = B8F14ABF1E64158700B063C8;
					};
					B8F14ADE1E64158700B063C8 = {
						CreatedOnToolsVersion = 8.2.1;
						ProvisioningStyle = Automatic;
						TestTargetID = B8F14ABF1E64158700B063C8;
					};
				};
			};
			buildConfigurationList = B8F14ABB1E64158700B063C8 /* Build configuration list for PBXProject "MusicTouchpad" */;
			compatibilityVersion = "Xcode 3.2";
			developmentRegion = English;
			hasScannedForEncodings = 0;
			knownRegions = (
				en,
				Base,
			);
			mainGroup = B8F14AB71E64158700B063C8;
			productRefGroup = B8F14AC11E64158700B063C8 /* Products */;
			projectDirPath = "";
			projectRoot = "";
			targets = (
				B8F14ABF1E64158700B063C8 /* MusicTouchpad */,
				B8F14AD31E64158700B063C8 /* MusicTouchpadTests */,
				B8F14ADE1E64158700B063C8 /* MusicTouchpadUITests */,
			);
		};
/* End PBXProject section */

/* Begin PBXResourcesBuildPhase section */
		B8F14ABE1E64158700B063C8 /* Resources */ = {
			isa = PBXResourcesBuildPhase;
			buildActionMask = 2147483647;
			files = (
				B8F14ACE1E64158700B063C8 /* LaunchScreen.storyboard in Resources */,
				B8F14ACB1E64158700B063C8 /* Assets.xcassets in Resources */,
				B8F14AC91E64158700B063C8 /* Main.storyboard in Resources */,
			);
			runOnlyForDeploymentPostprocessing = 0;
		};
		B8F14AD21E64158700B063C8 /* Resources */ = {
			isa = PBXResourcesBuildPhase;
			buildActionMask = 2147483647;
			files = (
			);
			runOnlyForDeploymentPostprocessing = 0;
		};
		B8F14ADD1E64158700B063C8 /* Resources */ = {
			isa = PBXResourcesBuildPhase;
			buildActionMask = 2147483647;
			files = (
			);
			runOnlyForDeploymentPostprocessing = 0;
		};
/* End PBXResourcesBuildPhase section */

/* Begin PBXShellScriptBuildPhase section */
		04EC91F601534C540F003B6A /* [CP] Copy Pods Resources */ = {
			isa = PBXShellScriptBuildPhase;
			buildActionMask = 2147483647;
			files = (
			);
			inputPaths = (
			);
			name = "[CP] Copy Pods Resources";
			outputPaths = (
			);
			runOnlyForDeploymentPostprocessing = 0;
			shellPath = /bin/sh;
			shellScript = "\"${SRCROOT}/Pods/Target Support Files/Pods-MusicTouchpadUITests/Pods-MusicTouchpadUITests-resources.sh\"\n";
			showEnvVarsInLog = 0;
		};
		3BDA980F94B1F92D04796A4F /* [CP] Check Pods Manifest.lock */ = {
			isa = PBXShellScriptBuildPhase;
			buildActionMask = 2147483647;
			files = (
			);
			inputPaths = (
			);
			name = "[CP] Check Pods Manifest.lock";
			outputPaths = (
			);
			runOnlyForDeploymentPostprocessing = 0;
			shellPath = /bin/sh;
			shellScript = "diff \"${PODS_ROOT}/../Podfile.lock\" \"${PODS_ROOT}/Manifest.lock\" > /dev/null\nif [[ $? != 0 ]] ; then\n    cat << EOM\nerror: The sandbox is not in sync with the Podfile.lock. Run 'pod install' or update your CocoaPods installation.\nEOM\n    exit 1\nfi\n";
			showEnvVarsInLog = 0;
		};
		49E1B11112C2783211983FA3 /* [CP] Check Pods Manifest.lock */ = {
			isa = PBXShellScriptBuildPhase;
			buildActionMask = 2147483647;
			files = (
			);
			inputPaths = (
			);
			name = "[CP] Check Pods Manifest.lock";
			outputPaths = (
			);
			runOnlyForDeploymentPostprocessing = 0;
			shellPath = /bin/sh;
			shellScript = "diff \"${PODS_ROOT}/../Podfile.lock\" \"${PODS_ROOT}/Manifest.lock\" > /dev/null\nif [[ $? != 0 ]] ; then\n    cat << EOM\nerror: The sandbox is not in sync with the Podfile.lock. Run 'pod install' or update your CocoaPods installation.\nEOM\n    exit 1\nfi\n";
			showEnvVarsInLog = 0;
		};
		5168A6016BFDB8685F29D45F /* [CP] Check Pods Manifest.lock */ = {
			isa = PBXShellScriptBuildPhase;
			buildActionMask = 2147483647;
			files = (
			);
			inputPaths = (
			);
			name = "[CP] Check Pods Manifest.lock";
			outputPaths = (
			);
			runOnlyForDeploymentPostprocessing = 0;
			shellPath = /bin/sh;
			shellScript = "diff \"${PODS_ROOT}/../Podfile.lock\" \"${PODS_ROOT}/Manifest.lock\" > /dev/null\nif [[ $? != 0 ]] ; then\n    cat << EOM\nerror: The sandbox is not in sync with the Podfile.lock. Run 'pod install' or update your CocoaPods installation.\nEOM\n    exit 1\nfi\n";
			showEnvVarsInLog = 0;
		};
		5D921513A3012518CC50DC53 /* [CP] Copy Pods Resources */ = {
			isa = PBXShellScriptBuildPhase;
			buildActionMask = 2147483647;
			files = (
			);
			inputPaths = (
			);
			name = "[CP] Copy Pods Resources";
			outputPaths = (
			);
			runOnlyForDeploymentPostprocessing = 0;
			shellPath = /bin/sh;
			shellScript = "\"${SRCROOT}/Pods/Target Support Files/Pods-MusicTouchpad/Pods-MusicTouchpad-resources.sh\"\n";
			showEnvVarsInLog = 0;
		};
		6895180682F9B07819673A61 /* [CP] Copy Pods Resources */ = {
			isa = PBXShellScriptBuildPhase;
			buildActionMask = 2147483647;
			files = (
			);
			inputPaths = (
			);
			name = "[CP] Copy Pods Resources";
			outputPaths = (
			);
			runOnlyForDeploymentPostprocessing = 0;
			shellPath = /bin/sh;
			shellScript = "\"${SRCROOT}/Pods/Target Support Files/Pods-MusicTouchpadTests/Pods-MusicTouchpadTests-resources.sh\"\n";
			showEnvVarsInLog = 0;
		};
		B8D3A6BA1EB5C1CF002782C3 /* ShellScript */ = {
			isa = PBXShellScriptBuildPhase;
			buildActionMask = 2147483647;
			files = (
			);
			inputPaths = (
			);
			outputPaths = (
			);
			runOnlyForDeploymentPostprocessing = 0;
			shellPath = /bin/sh;
			shellScript = "$BUILT_PRODUCTS_DIR/$FRAMEWORKS_FOLDER_PATH/AudioKit.framework/fix-framework.sh";
		};
		EC370BD4778C7A12FC0A4DCD /* [CP] Embed Pods Frameworks */ = {
			isa = PBXShellScriptBuildPhase;
			buildActionMask = 2147483647;
			files = (
			);
			inputPaths = (
			);
			name = "[CP] Embed Pods Frameworks";
			outputPaths = (
			);
			runOnlyForDeploymentPostprocessing = 0;
			shellPath = /bin/sh;
			shellScript = "\"${SRCROOT}/Pods/Target Support Files/Pods-MusicTouchpadTests/Pods-MusicTouchpadTests-frameworks.sh\"\n";
			showEnvVarsInLog = 0;
		};
		ECEE8C4E7F51716DC4DD6BAF /* [CP] Embed Pods Frameworks */ = {
			isa = PBXShellScriptBuildPhase;
			buildActionMask = 2147483647;
			files = (
			);
			inputPaths = (
			);
			name = "[CP] Embed Pods Frameworks";
			outputPaths = (
			);
			runOnlyForDeploymentPostprocessing = 0;
			shellPath = /bin/sh;
			shellScript = "\"${SRCROOT}/Pods/Target Support Files/Pods-MusicTouchpad/Pods-MusicTouchpad-frameworks.sh\"\n";
			showEnvVarsInLog = 0;
		};
/* End PBXShellScriptBuildPhase section */

/* Begin PBXSourcesBuildPhase section */
		B8F14ABC1E64158700B063C8 /* Sources */ = {
			isa = PBXSourcesBuildPhase;
			buildActionMask = 2147483647;
			files = (
				B8F14AC61E64158700B063C8 /* ViewController.swift in Sources */,
				B8F14AF61E64188A00B063C8 /* DefaultSoundSource.swift in Sources */,
				B8F14AC41E64158700B063C8 /* AppDelegate.swift in Sources */,
				B8F14AF41E64188A00B063C8 /* MusicTouchView.swift in Sources */,
				B8F14AF51E64188A00B063C8 /* NoteFrequencyConverter.swift in Sources */,
			);
			runOnlyForDeploymentPostprocessing = 0;
		};
		B8F14AD01E64158700B063C8 /* Sources */ = {
			isa = PBXSourcesBuildPhase;
			buildActionMask = 2147483647;
			files = (
				B8F14AD91E64158700B063C8 /* MusicTouchpadTests.swift in Sources */,
			);
			runOnlyForDeploymentPostprocessing = 0;
		};
		B8F14ADB1E64158700B063C8 /* Sources */ = {
			isa = PBXSourcesBuildPhase;
			buildActionMask = 2147483647;
			files = (
				B8F14AE41E64158700B063C8 /* MusicTouchpadUITests.swift in Sources */,
			);
			runOnlyForDeploymentPostprocessing = 0;
		};
/* End PBXSourcesBuildPhase section */

/* Begin PBXTargetDependency section */
		B8F14AD61E64158700B063C8 /* PBXTargetDependency */ = {
			isa = PBXTargetDependency;
			target = B8F14ABF1E64158700B063C8 /* MusicTouchpad */;
			targetProxy = B8F14AD51E64158700B063C8 /* PBXContainerItemProxy */;
		};
		B8F14AE11E64158700B063C8 /* PBXTargetDependency */ = {
			isa = PBXTargetDependency;
			target = B8F14ABF1E64158700B063C8 /* MusicTouchpad */;
			targetProxy = B8F14AE01E64158700B063C8 /* PBXContainerItemProxy */;
		};
/* End PBXTargetDependency section */

/* Begin PBXVariantGroup section */
		B8F14AC71E64158700B063C8 /* Main.storyboard */ = {
			isa = PBXVariantGroup;
			children = (
				B8F14AC81E64158700B063C8 /* Base */,
			);
			name = Main.storyboard;
			sourceTree = "<group>";
		};
		B8F14ACC1E64158700B063C8 /* LaunchScreen.storyboard */ = {
			isa = PBXVariantGroup;
			children = (
				B8F14ACD1E64158700B063C8 /* Base */,
			);
			name = LaunchScreen.storyboard;
			sourceTree = "<group>";
		};
/* End PBXVariantGroup section */

/* Begin XCBuildConfiguration section */
		B8F14AE61E64158700B063C8 /* Debug */ = {
			isa = XCBuildConfiguration;
			buildSettings = {
				ALWAYS_SEARCH_USER_PATHS = NO;
				CLANG_ANALYZER_NONNULL = YES;
				CLANG_CXX_LANGUAGE_STANDARD = "gnu++0x";
				CLANG_CXX_LIBRARY = "libc++";
				CLANG_ENABLE_MODULES = YES;
				CLANG_ENABLE_OBJC_ARC = YES;
				CLANG_WARN_BOOL_CONVERSION = YES;
				CLANG_WARN_CONSTANT_CONVERSION = YES;
				CLANG_WARN_DIRECT_OBJC_ISA_USAGE = YES_ERROR;
				CLANG_WARN_DOCUMENTATION_COMMENTS = YES;
				CLANG_WARN_EMPTY_BODY = YES;
				CLANG_WARN_ENUM_CONVERSION = YES;
				CLANG_WARN_INFINITE_RECURSION = YES;
				CLANG_WARN_INT_CONVERSION = YES;
				CLANG_WARN_OBJC_ROOT_CLASS = YES_ERROR;
				CLANG_WARN_SUSPICIOUS_MOVE = YES;
				CLANG_WARN_UNREACHABLE_CODE = YES;
				CLANG_WARN__DUPLICATE_METHOD_MATCH = YES;
				"CODE_SIGN_IDENTITY[sdk=iphoneos*]" = "iPhone Developer";
				COPY_PHASE_STRIP = NO;
				DEBUG_INFORMATION_FORMAT = dwarf;
				ENABLE_STRICT_OBJC_MSGSEND = YES;
				ENABLE_TESTABILITY = YES;
				GCC_C_LANGUAGE_STANDARD = gnu99;
				GCC_DYNAMIC_NO_PIC = NO;
				GCC_NO_COMMON_BLOCKS = YES;
				GCC_OPTIMIZATION_LEVEL = 0;
				GCC_PREPROCESSOR_DEFINITIONS = (
					"DEBUG=1",
					"$(inherited)",
				);
				GCC_WARN_64_TO_32_BIT_CONVERSION = YES;
				GCC_WARN_ABOUT_RETURN_TYPE = YES_ERROR;
				GCC_WARN_UNDECLARED_SELECTOR = YES;
				GCC_WARN_UNINITIALIZED_AUTOS = YES_AGGRESSIVE;
				GCC_WARN_UNUSED_FUNCTION = YES;
				GCC_WARN_UNUSED_VARIABLE = YES;
				IPHONEOS_DEPLOYMENT_TARGET = 10.2;
				MTL_ENABLE_DEBUG_INFO = YES;
				ONLY_ACTIVE_ARCH = YES;
				SDKROOT = iphoneos;
				SWIFT_ACTIVE_COMPILATION_CONDITIONS = DEBUG;
				SWIFT_OPTIMIZATION_LEVEL = "-Onone";
				TARGETED_DEVICE_FAMILY = "1,2";
			};
			name = Debug;
		};
		B8F14AE71E64158700B063C8 /* Release */ = {
			isa = XCBuildConfiguration;
			buildSettings = {
				ALWAYS_SEARCH_USER_PATHS = NO;
				CLANG_ANALYZER_NONNULL = YES;
				CLANG_CXX_LANGUAGE_STANDARD = "gnu++0x";
				CLANG_CXX_LIBRARY = "libc++";
				CLANG_ENABLE_MODULES = YES;
				CLANG_ENABLE_OBJC_ARC = YES;
				CLANG_WARN_BOOL_CONVERSION = YES;
				CLANG_WARN_CONSTANT_CONVERSION = YES;
				CLANG_WARN_DIRECT_OBJC_ISA_USAGE = YES_ERROR;
				CLANG_WARN_DOCUMENTATION_COMMENTS = YES;
				CLANG_WARN_EMPTY_BODY = YES;
				CLANG_WARN_ENUM_CONVERSION = YES;
				CLANG_WARN_INFINITE_RECURSION = YES;
				CLANG_WARN_INT_CONVERSION = YES;
				CLANG_WARN_OBJC_ROOT_CLASS = YES_ERROR;
				CLANG_WARN_SUSPICIOUS_MOVE = YES;
				CLANG_WARN_UNREACHABLE_CODE = YES;
				CLANG_WARN__DUPLICATE_METHOD_MATCH = YES;
				"CODE_SIGN_IDENTITY[sdk=iphoneos*]" = "iPhone Developer";
				COPY_PHASE_STRIP = NO;
				DEBUG_INFORMATION_FORMAT = "dwarf-with-dsym";
				ENABLE_NS_ASSERTIONS = NO;
				ENABLE_STRICT_OBJC_MSGSEND = YES;
				GCC_C_LANGUAGE_STANDARD = gnu99;
				GCC_NO_COMMON_BLOCKS = YES;
				GCC_WARN_64_TO_32_BIT_CONVERSION = YES;
				GCC_WARN_ABOUT_RETURN_TYPE = YES_ERROR;
				GCC_WARN_UNDECLARED_SELECTOR = YES;
				GCC_WARN_UNINITIALIZED_AUTOS = YES_AGGRESSIVE;
				GCC_WARN_UNUSED_FUNCTION = YES;
				GCC_WARN_UNUSED_VARIABLE = YES;
				IPHONEOS_DEPLOYMENT_TARGET = 10.2;
				MTL_ENABLE_DEBUG_INFO = NO;
				SDKROOT = iphoneos;
				SWIFT_OPTIMIZATION_LEVEL = "-Owholemodule";
				TARGETED_DEVICE_FAMILY = "1,2";
				VALIDATE_PRODUCT = YES;
			};
			name = Release;
		};
		B8F14AE91E64158700B063C8 /* Debug */ = {
			isa = XCBuildConfiguration;
			baseConfigurationReference = E71F7A6E70DCA4CB1D2C53FA /* Pods-MusicTouchpad.debug.xcconfig */;
			buildSettings = {
				ASSETCATALOG_COMPILER_APPICON_NAME = AppIcon;
				DEVELOPMENT_TEAM = PN23N78WA9;
				INFOPLIST_FILE = MusicTouchpad/Info.plist;
				LD_RUNPATH_SEARCH_PATHS = "$(inherited) @executable_path/Frameworks";
				PRODUCT_BUNDLE_IDENTIFIER = me.ejud.MusicTouchpad;
				PRODUCT_NAME = "$(TARGET_NAME)";
				SWIFT_VERSION = 3.0;
				TARGETED_DEVICE_FAMILY = 1;
			};
			name = Debug;
		};
		B8F14AEA1E64158700B063C8 /* Release */ = {
			isa = XCBuildConfiguration;
			baseConfigurationReference = E21EE7F55007B38E680BBCA2 /* Pods-MusicTouchpad.release.xcconfig */;
			buildSettings = {
				ASSETCATALOG_COMPILER_APPICON_NAME = AppIcon;
				DEVELOPMENT_TEAM = PN23N78WA9;
				INFOPLIST_FILE = MusicTouchpad/Info.plist;
				LD_RUNPATH_SEARCH_PATHS = "$(inherited) @executable_path/Frameworks";
				PRODUCT_BUNDLE_IDENTIFIER = me.ejud.MusicTouchpad;
				PRODUCT_NAME = "$(TARGET_NAME)";
				SWIFT_VERSION = 3.0;
				TARGETED_DEVICE_FAMILY = 1;
			};
			name = Release;
		};
		B8F14AEC1E64158700B063C8 /* Debug */ = {
			isa = XCBuildConfiguration;
			baseConfigurationReference = CD4DA02A3039950563036153 /* Pods-MusicTouchpadTests.debug.xcconfig */;
			buildSettings = {
				ALWAYS_EMBED_SWIFT_STANDARD_LIBRARIES = YES;
				BUNDLE_LOADER = "$(TEST_HOST)";
				INFOPLIST_FILE = MusicTouchpadTests/Info.plist;
				LD_RUNPATH_SEARCH_PATHS = "$(inherited) @executable_path/Frameworks @loader_path/Frameworks";
				PRODUCT_BUNDLE_IDENTIFIER = me.ejud.MusicTouchpadTests;
				PRODUCT_NAME = "$(TARGET_NAME)";
				SWIFT_VERSION = 3.0;
				TEST_HOST = "$(BUILT_PRODUCTS_DIR)/MusicTouchpad.app/MusicTouchpad";
			};
			name = Debug;
		};
		B8F14AED1E64158700B063C8 /* Release */ = {
			isa = XCBuildConfiguration;
			baseConfigurationReference = FBBFC27C357B411E89134DE1 /* Pods-MusicTouchpadTests.release.xcconfig */;
			buildSettings = {
				ALWAYS_EMBED_SWIFT_STANDARD_LIBRARIES = YES;
				BUNDLE_LOADER = "$(TEST_HOST)";
				INFOPLIST_FILE = MusicTouchpadTests/Info.plist;
				LD_RUNPATH_SEARCH_PATHS = "$(inherited) @executable_path/Frameworks @loader_path/Frameworks";
				PRODUCT_BUNDLE_IDENTIFIER = me.ejud.MusicTouchpadTests;
				PRODUCT_NAME = "$(TARGET_NAME)";
				SWIFT_VERSION = 3.0;
				TEST_HOST = "$(BUILT_PRODUCTS_DIR)/MusicTouchpad.app/MusicTouchpad";
			};
			name = Release;
		};
		B8F14AEF1E64158700B063C8 /* Debug */ = {
			isa = XCBuildConfiguration;
			baseConfigurationReference = 6D2467712E377120E69E954C /* Pods-MusicTouchpadUITests.debug.xcconfig */;
			buildSettings = {
				ALWAYS_EMBED_SWIFT_STANDARD_LIBRARIES = YES;
				INFOPLIST_FILE = MusicTouchpadUITests/Info.plist;
				LD_RUNPATH_SEARCH_PATHS = "$(inherited) @executable_path/Frameworks @loader_path/Frameworks";
				PRODUCT_BUNDLE_IDENTIFIER = me.ejud.MusicTouchpadUITests;
				PRODUCT_NAME = "$(TARGET_NAME)";
				SWIFT_VERSION = 3.0;
				TEST_TARGET_NAME = MusicTouchpad;
			};
			name = Debug;
		};
		B8F14AF01E64158700B063C8 /* Release */ = {
			isa = XCBuildConfiguration;
			baseConfigurationReference = D648F61500A0BCFCE8A99485 /* Pods-MusicTouchpadUITests.release.xcconfig */;
			buildSettings = {
				ALWAYS_EMBED_SWIFT_STANDARD_LIBRARIES = YES;
				INFOPLIST_FILE = MusicTouchpadUITests/Info.plist;
				LD_RUNPATH_SEARCH_PATHS = "$(inherited) @executable_path/Frameworks @loader_path/Frameworks";
				PRODUCT_BUNDLE_IDENTIFIER = me.ejud.MusicTouchpadUITests;
				PRODUCT_NAME = "$(TARGET_NAME)";
				SWIFT_VERSION = 3.0;
				TEST_TARGET_NAME = MusicTouchpad;
			};
			name = Release;
		};
/* End XCBuildConfiguration section */

/* Begin XCConfigurationList section */
		B8F14ABB1E64158700B063C8 /* Build configuration list for PBXProject "MusicTouchpad" */ = {
			isa = XCConfigurationList;
			buildConfigurations = (
				B8F14AE61E64158700B063C8 /* Debug */,
				B8F14AE71E64158700B063C8 /* Release */,
			);
			defaultConfigurationIsVisible = 0;
			defaultConfigurationName = Release;
		};
		B8F14AE81E64158700B063C8 /* Build configuration list for PBXNativeTarget "MusicTouchpad" */ = {
			isa = XCConfigurationList;
			buildConfigurations = (
				B8F14AE91E64158700B063C8 /* Debug */,
				B8F14AEA1E64158700B063C8 /* Release */,
			);
			defaultConfigurationIsVisible = 0;
			defaultConfigurationName = Release;
		};
		B8F14AEB1E64158700B063C8 /* Build configuration list for PBXNativeTarget "MusicTouchpadTests" */ = {
			isa = XCConfigurationList;
			buildConfigurations = (
				B8F14AEC1E64158700B063C8 /* Debug */,
				B8F14AED1E64158700B063C8 /* Release */,
			);
			defaultConfigurationIsVisible = 0;
			defaultConfigurationName = Release;
		};
		B8F14AEE1E64158700B063C8 /* Build configuration list for PBXNativeTarget "MusicTouchpadUITests" */ = {
			isa = XCConfigurationList;
			buildConfigurations = (
				B8F14AEF1E64158700B063C8 /* Debug */,
				B8F14AF01E64158700B063C8 /* Release */,
			);
			defaultConfigurationIsVisible = 0;
			defaultConfigurationName = Release;
		};
/* End XCConfigurationList section */
	};
	rootObject = B8F14AB81E64158700B063C8 /* Project object */;
}
